// !$*UTF8*$!
{
	archiveVersion = 1;
	classes = {
	};
	objectVersion = 50;
	objects = {

/* Begin PBXBuildFile section */
		2C5D661324E244E200607C78 /* AppDelegate.swift in Sources */ = {isa = PBXBuildFile; fileRef = 2C5D661224E244E200607C78 /* AppDelegate.swift */; };
		2C5D661524E244E200607C78 /* SceneDelegate.swift in Sources */ = {isa = PBXBuildFile; fileRef = 2C5D661424E244E200607C78 /* SceneDelegate.swift */; };
		2C5D661724E244E200607C78 /* ViewController.swift in Sources */ = {isa = PBXBuildFile; fileRef = 2C5D661624E244E200607C78 /* ViewController.swift */; };
		2C5D661A24E244E200607C78 /* Main.storyboard in Resources */ = {isa = PBXBuildFile; fileRef = 2C5D661824E244E200607C78 /* Main.storyboard */; };
		2C5D661D24E244E200607C78 /* Alan_V_StoringDefaultValues.xcdatamodeld in Sources */ = {isa = PBXBuildFile; fileRef = 2C5D661B24E244E200607C78 /* Alan_V_StoringDefaultValues.xcdatamodeld */; };
		2C5D661F24E244E400607C78 /* Assets.xcassets in Resources */ = {isa = PBXBuildFile; fileRef = 2C5D661E24E244E400607C78 /* Assets.xcassets */; };
		2C5D662224E244E400607C78 /* LaunchScreen.storyboard in Resources */ = {isa = PBXBuildFile; fileRef = 2C5D662024E244E400607C78 /* LaunchScreen.storyboard */; };
		2C5D662D24E244E400607C78 /* Alan_V_StoringDefaultValuesTests.swift in Sources */ = {isa = PBXBuildFile; fileRef = 2C5D662C24E244E400607C78 /* Alan_V_StoringDefaultValuesTests.swift */; };
		2C5D663824E244E400607C78 /* Alan_V_StoringDefaultValuesUITests.swift in Sources */ = {isa = PBXBuildFile; fileRef = 2C5D663724E244E400607C78 /* Alan_V_StoringDefaultValuesUITests.swift */; };
/* End PBXBuildFile section */

/* Begin PBXContainerItemProxy section */
		2C5D662924E244E400607C78 /* PBXContainerItemProxy */ = {
			isa = PBXContainerItemProxy;
			containerPortal = 2C5D660724E244E200607C78 /* Project object */;
			proxyType = 1;
			remoteGlobalIDString = 2C5D660E24E244E200607C78;
			remoteInfo = Alan_V_StoringDefaultValues;
		};
		2C5D663424E244E400607C78 /* PBXContainerItemProxy */ = {
			isa = PBXContainerItemProxy;
			containerPortal = 2C5D660724E244E200607C78 /* Project object */;
			proxyType = 1;
			remoteGlobalIDString = 2C5D660E24E244E200607C78;
			remoteInfo = Alan_V_StoringDefaultValues;
		};
/* End PBXContainerItemProxy section */

/* Begin PBXFileReference section */
		2C5D660F24E244E200607C78 /* Alan_V_StoringDefaultValues.app */ = {isa = PBXFileReference; explicitFileType = wrapper.application; includeInIndex = 0; path = Alan_V_StoringDefaultValues.app; sourceTree = BUILT_PRODUCTS_DIR; };
		2C5D661224E244E200607C78 /* AppDelegate.swift */ = {isa = PBXFileReference; lastKnownFileType = sourcecode.swift; path = AppDelegate.swift; sourceTree = "<group>"; };
		2C5D661424E244E200607C78 /* SceneDelegate.swift */ = {isa = PBXFileReference; lastKnownFileType = sourcecode.swift; path = SceneDelegate.swift; sourceTree = "<group>"; };
		2C5D661624E244E200607C78 /* ViewController.swift */ = {isa = PBXFileReference; lastKnownFileType = sourcecode.swift; path = ViewController.swift; sourceTree = "<group>"; };
		2C5D661924E244E200607C78 /* Base */ = {isa = PBXFileReference; lastKnownFileType = file.storyboard; name = Base; path = Base.lproj/Main.storyboard; sourceTree = "<group>"; };
		2C5D661C24E244E200607C78 /* Alan_V_StoringDefaultValues.xcdatamodel */ = {isa = PBXFileReference; lastKnownFileType = wrapper.xcdatamodel; path = Alan_V_StoringDefaultValues.xcdatamodel; sourceTree = "<group>"; };
		2C5D661E24E244E400607C78 /* Assets.xcassets */ = {isa = PBXFileReference; lastKnownFileType = folder.assetcatalog; path = Assets.xcassets; sourceTree = "<group>"; };
		2C5D662124E244E400607C78 /* Base */ = {isa = PBXFileReference; lastKnownFileType = file.storyboard; name = Base; path = Base.lproj/LaunchScreen.storyboard; sourceTree = "<group>"; };
		2C5D662324E244E400607C78 /* Info.plist */ = {isa = PBXFileReference; lastKnownFileType = text.plist.xml; path = Info.plist; sourceTree = "<group>"; };
		2C5D662824E244E400607C78 /* Alan_V_StoringDefaultValuesTests.xctest */ = {isa = PBXFileReference; explicitFileType = wrapper.cfbundle; includeInIndex = 0; path = Alan_V_StoringDefaultValuesTests.xctest; sourceTree = BUILT_PRODUCTS_DIR; };
		2C5D662C24E244E400607C78 /* Alan_V_StoringDefaultValuesTests.swift */ = {isa = PBXFileReference; lastKnownFileType = sourcecode.swift; path = Alan_V_StoringDefaultValuesTests.swift; sourceTree = "<group>"; };
		2C5D662E24E244E400607C78 /* Info.plist */ = {isa = PBXFileReference; lastKnownFileType = text.plist.xml; path = Info.plist; sourceTree = "<group>"; };
		2C5D663324E244E400607C78 /* Alan_V_StoringDefaultValuesUITests.xctest */ = {isa = PBXFileReference; explicitFileType = wrapper.cfbundle; includeInIndex = 0; path = Alan_V_StoringDefaultValuesUITests.xctest; sourceTree = BUILT_PRODUCTS_DIR; };
		2C5D663724E244E400607C78 /* Alan_V_StoringDefaultValuesUITests.swift */ = {isa = PBXFileReference; lastKnownFileType = sourcecode.swift; path = Alan_V_StoringDefaultValuesUITests.swift; sourceTree = "<group>"; };
		2C5D663924E244E400607C78 /* Info.plist */ = {isa = PBXFileReference; lastKnownFileType = text.plist.xml; path = Info.plist; sourceTree = "<group>"; };
/* End PBXFileReference section */

/* Begin PBXFrameworksBuildPhase section */
		2C5D660C24E244E200607C78 /* Frameworks */ = {
			isa = PBXFrameworksBuildPhase;
			buildActionMask = 2147483647;
			files = (
			);
			runOnlyForDeploymentPostprocessing = 0;
		};
		2C5D662524E244E400607C78 /* Frameworks */ = {
			isa = PBXFrameworksBuildPhase;
			buildActionMask = 2147483647;
			files = (
			);
			runOnlyForDeploymentPostprocessing = 0;
		};
		2C5D663024E244E400607C78 /* Frameworks */ = {
			isa = PBXFrameworksBuildPhase;
			buildActionMask = 2147483647;
			files = (
			);
			runOnlyForDeploymentPostprocessing = 0;
		};
/* End PBXFrameworksBuildPhase section */

/* Begin PBXGroup section */
		2C5D660624E244E200607C78 = {
			isa = PBXGroup;
			children = (
				2C5D661124E244E200607C78 /* Alan_V_StoringDefaultValues */,
				2C5D662B24E244E400607C78 /* Alan_V_StoringDefaultValuesTests */,
				2C5D663624E244E400607C78 /* Alan_V_StoringDefaultValuesUITests */,
				2C5D661024E244E200607C78 /* Products */,
			);
			sourceTree = "<group>";
		};
		2C5D661024E244E200607C78 /* Products */ = {
			isa = PBXGroup;
			children = (
				2C5D660F24E244E200607C78 /* Alan_V_StoringDefaultValues.app */,
				2C5D662824E244E400607C78 /* Alan_V_StoringDefaultValuesTests.xctest */,
				2C5D663324E244E400607C78 /* Alan_V_StoringDefaultValuesUITests.xctest */,
			);
			name = Products;
			sourceTree = "<group>";
		};
		2C5D661124E244E200607C78 /* Alan_V_StoringDefaultValues */ = {
			isa = PBXGroup;
			children = (
				2C5D661224E244E200607C78 /* AppDelegate.swift */,
				2C5D661424E244E200607C78 /* SceneDelegate.swift */,
				2C5D661624E244E200607C78 /* ViewController.swift */,
				2C5D661824E244E200607C78 /* Main.storyboard */,
				2C5D661E24E244E400607C78 /* Assets.xcassets */,
				2C5D662024E244E400607C78 /* LaunchScreen.storyboard */,
				2C5D662324E244E400607C78 /* Info.plist */,
				2C5D661B24E244E200607C78 /* Alan_V_StoringDefaultValues.xcdatamodeld */,
			);
			path = Alan_V_StoringDefaultValues;
			sourceTree = "<group>";
		};
		2C5D662B24E244E400607C78 /* Alan_V_StoringDefaultValuesTests */ = {
			isa = PBXGroup;
			children = (
				2C5D662C24E244E400607C78 /* Alan_V_StoringDefaultValuesTests.swift */,
				2C5D662E24E244E400607C78 /* Info.plist */,
			);
			path = Alan_V_StoringDefaultValuesTests;
			sourceTree = "<group>";
		};
		2C5D663624E244E400607C78 /* Alan_V_StoringDefaultValuesUITests */ = {
			isa = PBXGroup;
			children = (
				2C5D663724E244E400607C78 /* Alan_V_StoringDefaultValuesUITests.swift */,
				2C5D663924E244E400607C78 /* Info.plist */,
			);
			path = Alan_V_StoringDefaultValuesUITests;
			sourceTree = "<group>";
		};
/* End PBXGroup section */

/* Begin PBXNativeTarget section */
		2C5D660E24E244E200607C78 /* Alan_V_StoringDefaultValues */ = {
			isa = PBXNativeTarget;
			buildConfigurationList = 2C5D663C24E244E400607C78 /* Build configuration list for PBXNativeTarget "Alan_V_StoringDefaultValues" */;
			buildPhases = (
				2C5D660B24E244E200607C78 /* Sources */,
				2C5D660C24E244E200607C78 /* Frameworks */,
				2C5D660D24E244E200607C78 /* Resources */,
			);
			buildRules = (
			);
			dependencies = (
			);
			name = Alan_V_StoringDefaultValues;
			productName = Alan_V_StoringDefaultValues;
			productReference = 2C5D660F24E244E200607C78 /* Alan_V_StoringDefaultValues.app */;
			productType = "com.apple.product-type.application";
		};
		2C5D662724E244E400607C78 /* Alan_V_StoringDefaultValuesTests */ = {
			isa = PBXNativeTarget;
			buildConfigurationList = 2C5D663F24E244E400607C78 /* Build configuration list for PBXNativeTarget "Alan_V_StoringDefaultValuesTests" */;
			buildPhases = (
				2C5D662424E244E400607C78 /* Sources */,
				2C5D662524E244E400607C78 /* Frameworks */,
				2C5D662624E244E400607C78 /* Resources */,
			);
			buildRules = (
			);
			dependencies = (
				2C5D662A24E244E400607C78 /* PBXTargetDependency */,
			);
			name = Alan_V_StoringDefaultValuesTests;
			productName = Alan_V_StoringDefaultValuesTests;
			productReference = 2C5D662824E244E400607C78 /* Alan_V_StoringDefaultValuesTests.xctest */;
			productType = "com.apple.product-type.bundle.unit-test";
		};
		2C5D663224E244E400607C78 /* Alan_V_StoringDefaultValuesUITests */ = {
			isa = PBXNativeTarget;
			buildConfigurationList = 2C5D664224E244E400607C78 /* Build configuration list for PBXNativeTarget "Alan_V_StoringDefaultValuesUITests" */;
			buildPhases = (
				2C5D662F24E244E400607C78 /* Sources */,
				2C5D663024E244E400607C78 /* Frameworks */,
				2C5D663124E244E400607C78 /* Resources */,
			);
			buildRules = (
			);
			dependencies = (
				2C5D663524E244E400607C78 /* PBXTargetDependency */,
			);
			name = Alan_V_StoringDefaultValuesUITests;
			productName = Alan_V_StoringDefaultValuesUITests;
			productReference = 2C5D663324E244E400607C78 /* Alan_V_StoringDefaultValuesUITests.xctest */;
			productType = "com.apple.product-type.bundle.ui-testing";
		};
/* End PBXNativeTarget section */

/* Begin PBXProject section */
		2C5D660724E244E200607C78 /* Project object */ = {
			isa = PBXProject;
			attributes = {
				LastSwiftUpdateCheck = 1130;
				LastUpgradeCheck = 1130;
				ORGANIZATIONNAME = "Alan Villegas";
				TargetAttributes = {
					2C5D660E24E244E200607C78 = {
						CreatedOnToolsVersion = 11.3.1;
					};
					2C5D662724E244E400607C78 = {
						CreatedOnToolsVersion = 11.3.1;
						TestTargetID = 2C5D660E24E244E200607C78;
					};
					2C5D663224E244E400607C78 = {
						CreatedOnToolsVersion = 11.3.1;
						TestTargetID = 2C5D660E24E244E200607C78;
					};
				};
			};
			buildConfigurationList = 2C5D660A24E244E200607C78 /* Build configuration list for PBXProject "Alan_V_StoringDefaultValues" */;
			compatibilityVersion = "Xcode 9.3";
			developmentRegion = en;
			hasScannedForEncodings = 0;
			knownRegions = (
				en,
				Base,
			);
			mainGroup = 2C5D660624E244E200607C78;
			productRefGroup = 2C5D661024E244E200607C78 /* Products */;
			projectDirPath = "";
			projectRoot = "";
			targets = (
				2C5D660E24E244E200607C78 /* Alan_V_StoringDefaultValues */,
				2C5D662724E244E400607C78 /* Alan_V_StoringDefaultValuesTests */,
				2C5D663224E244E400607C78 /* Alan_V_StoringDefaultValuesUITests */,
			);
		};
/* End PBXProject section */

/* Begin PBXResourcesBuildPhase section */
		2C5D660D24E244E200607C78 /* Resources */ = {
			isa = PBXResourcesBuildPhase;
			buildActionMask = 2147483647;
			files = (
				2C5D662224E244E400607C78 /* LaunchScreen.storyboard in Resources */,
				2C5D661F24E244E400607C78 /* Assets.xcassets in Resources */,
				2C5D661A24E244E200607C78 /* Main.storyboard in Resources */,
			);
			runOnlyForDeploymentPostprocessing = 0;
		};
		2C5D662624E244E400607C78 /* Resources */ = {
			isa = PBXResourcesBuildPhase;
			buildActionMask = 2147483647;
			files = (
			);
			runOnlyForDeploymentPostprocessing = 0;
		};
		2C5D663124E244E400607C78 /* Resources */ = {
			isa = PBXResourcesBuildPhase;
			buildActionMask = 2147483647;
			files = (
			);
			runOnlyForDeploymentPostprocessing = 0;
		};
/* End PBXResourcesBuildPhase section */

/* Begin PBXSourcesBuildPhase section */
		2C5D660B24E244E200607C78 /* Sources */ = {
			isa = PBXSourcesBuildPhase;
			buildActionMask = 2147483647;
			files = (
				2C5D661724E244E200607C78 /* ViewController.swift in Sources */,
				2C5D661324E244E200607C78 /* AppDelegate.swift in Sources */,
				2C5D661524E244E200607C78 /* SceneDelegate.swift in Sources */,
				2C5D661D24E244E200607C78 /* Alan_V_StoringDefaultValues.xcdatamodeld in Sources */,
			);
			runOnlyForDeploymentPostprocessing = 0;
		};
		2C5D662424E244E400607C78 /* Sources */ = {
			isa = PBXSourcesBuildPhase;
			buildActionMask = 2147483647;
			files = (
				2C5D662D24E244E400607C78 /* Alan_V_StoringDefaultValuesTests.swift in Sources */,
			);
			runOnlyForDeploymentPostprocessing = 0;
		};
		2C5D662F24E244E400607C78 /* Sources */ = {
			isa = PBXSourcesBuildPhase;
			buildActionMask = 2147483647;
			files = (
				2C5D663824E244E400607C78 /* Alan_V_StoringDefaultValuesUITests.swift in Sources */,
			);
			runOnlyForDeploymentPostprocessing = 0;
		};
/* End PBXSourcesBuildPhase section */

/* Begin PBXTargetDependency section */
		2C5D662A24E244E400607C78 /* PBXTargetDependency */ = {
			isa = PBXTargetDependency;
			target = 2C5D660E24E244E200607C78 /* Alan_V_StoringDefaultValues */;
			targetProxy = 2C5D662924E244E400607C78 /* PBXContainerItemProxy */;
		};
		2C5D663524E244E400607C78 /* PBXTargetDependency */ = {
			isa = PBXTargetDependency;
			target = 2C5D660E24E244E200607C78 /* Alan_V_StoringDefaultValues */;
			targetProxy = 2C5D663424E244E400607C78 /* PBXContainerItemProxy */;
		};
/* End PBXTargetDependency section */

/* Begin PBXVariantGroup section */
		2C5D661824E244E200607C78 /* Main.storyboard */ = {
			isa = PBXVariantGroup;
			children = (
				2C5D661924E244E200607C78 /* Base */,
			);
			name = Main.storyboard;
			sourceTree = "<group>";
		};
		2C5D662024E244E400607C78 /* LaunchScreen.storyboard */ = {
			isa = PBXVariantGroup;
			children = (
				2C5D662124E244E400607C78 /* Base */,
			);
			name = LaunchScreen.storyboard;
			sourceTree = "<group>";
		};
/* End PBXVariantGroup section */

/* Begin XCBuildConfiguration section */
		2C5D663A24E244E400607C78 /* Debug */ = {
			isa = XCBuildConfiguration;
			buildSettings = {
				ALWAYS_SEARCH_USER_PATHS = NO;
				CLANG_ANALYZER_NONNULL = YES;
				CLANG_ANALYZER_NUMBER_OBJECT_CONVERSION = YES_AGGRESSIVE;
				CLANG_CXX_LANGUAGE_STANDARD = "gnu++14";
				CLANG_CXX_LIBRARY = "libc++";
				CLANG_ENABLE_MODULES = YES;
				CLANG_ENABLE_OBJC_ARC = YES;
				CLANG_ENABLE_OBJC_WEAK = YES;
				CLANG_WARN_BLOCK_CAPTURE_AUTORELEASING = YES;
				CLANG_WARN_BOOL_CONVERSION = YES;
				CLANG_WARN_COMMA = YES;
				CLANG_WARN_CONSTANT_CONVERSION = YES;
				CLANG_WARN_DEPRECATED_OBJC_IMPLEMENTATIONS = YES;
				CLANG_WARN_DIRECT_OBJC_ISA_USAGE = YES_ERROR;
				CLANG_WARN_DOCUMENTATION_COMMENTS = YES;
				CLANG_WARN_EMPTY_BODY = YES;
				CLANG_WARN_ENUM_CONVERSION = YES;
				CLANG_WARN_INFINITE_RECURSION = YES;
				CLANG_WARN_INT_CONVERSION = YES;
				CLANG_WARN_NON_LITERAL_NULL_CONVERSION = YES;
				CLANG_WARN_OBJC_IMPLICIT_RETAIN_SELF = YES;
				CLANG_WARN_OBJC_LITERAL_CONVERSION = YES;
				CLANG_WARN_OBJC_ROOT_CLASS = YES_ERROR;
				CLANG_WARN_RANGE_LOOP_ANALYSIS = YES;
				CLANG_WARN_STRICT_PROTOTYPES = YES;
				CLANG_WARN_SUSPICIOUS_MOVE = YES;
				CLANG_WARN_UNGUARDED_AVAILABILITY = YES_AGGRESSIVE;
				CLANG_WARN_UNREACHABLE_CODE = YES;
				CLANG_WARN__DUPLICATE_METHOD_MATCH = YES;
				COPY_PHASE_STRIP = NO;
				DEBUG_INFORMATION_FORMAT = dwarf;
				ENABLE_STRICT_OBJC_MSGSEND = YES;
				ENABLE_TESTABILITY = YES;
				GCC_C_LANGUAGE_STANDARD = gnu11;
				GCC_DYNAMIC_NO_PIC = NO;
				GCC_NO_COMMON_BLOCKS = YES;
				GCC_OPTIMIZATION_LEVEL = 0;
				GCC_PREPROCESSOR_DEFINITIONS = (
					"DEBUG=1",
					"$(inherited)",
				);
				GCC_WARN_64_TO_32_BIT_CONVERSION = YES;
				GCC_WARN_ABOUT_RETURN_TYPE = YES_ERROR;
				GCC_WARN_UNDECLARED_SELECTOR = YES;
				GCC_WARN_UNINITIALIZED_AUTOS = YES_AGGRESSIVE;
				GCC_WARN_UNUSED_FUNCTION = YES;
				GCC_WARN_UNUSED_VARIABLE = YES;
				IPHONEOS_DEPLOYMENT_TARGET = 13.2;
				MTL_ENABLE_DEBUG_INFO = INCLUDE_SOURCE;
				MTL_FAST_MATH = YES;
				ONLY_ACTIVE_ARCH = YES;
				SDKROOT = iphoneos;
				SWIFT_ACTIVE_COMPILATION_CONDITIONS = DEBUG;
				SWIFT_OPTIMIZATION_LEVEL = "-Onone";
			};
			name = Debug;
		};
		2C5D663B24E244E400607C78 /* Release */ = {
			isa = XCBuildConfiguration;
			buildSettings = {
				ALWAYS_SEARCH_USER_PATHS = NO;
				CLANG_ANALYZER_NONNULL = YES;
				CLANG_ANALYZER_NUMBER_OBJECT_CONVERSION = YES_AGGRESSIVE;
				CLANG_CXX_LANGUAGE_STANDARD = "gnu++14";
				CLANG_CXX_LIBRARY = "libc++";
				CLANG_ENABLE_MODULES = YES;
				CLANG_ENABLE_OBJC_ARC = YES;
				CLANG_ENABLE_OBJC_WEAK = YES;
				CLANG_WARN_BLOCK_CAPTURE_AUTORELEASING = YES;
				CLANG_WARN_BOOL_CONVERSION = YES;
				CLANG_WARN_COMMA = YES;
				CLANG_WARN_CONSTANT_CONVERSION = YES;
				CLANG_WARN_DEPRECATED_OBJC_IMPLEMENTATIONS = YES;
				CLANG_WARN_DIRECT_OBJC_ISA_USAGE = YES_ERROR;
				CLANG_WARN_DOCUMENTATION_COMMENTS = YES;
				CLANG_WARN_EMPTY_BODY = YES;
				CLANG_WARN_ENUM_CONVERSION = YES;
				CLANG_WARN_INFINITE_RECURSION = YES;
				CLANG_WARN_INT_CONVERSION = YES;
				CLANG_WARN_NON_LITERAL_NULL_CONVERSION = YES;
				CLANG_WARN_OBJC_IMPLICIT_RETAIN_SELF = YES;
				CLANG_WARN_OBJC_LITERAL_CONVERSION = YES;
				CLANG_WARN_OBJC_ROOT_CLASS = YES_ERROR;
				CLANG_WARN_RANGE_LOOP_ANALYSIS = YES;
				CLANG_WARN_STRICT_PROTOTYPES = YES;
				CLANG_WARN_SUSPICIOUS_MOVE = YES;
				CLANG_WARN_UNGUARDED_AVAILABILITY = YES_AGGRESSIVE;
				CLANG_WARN_UNREACHABLE_CODE = YES;
				CLANG_WARN__DUPLICATE_METHOD_MATCH = YES;
				COPY_PHASE_STRIP = NO;
				DEBUG_INFORMATION_FORMAT = "dwarf-with-dsym";
				ENABLE_NS_ASSERTIONS = NO;
				ENABLE_STRICT_OBJC_MSGSEND = YES;
				GCC_C_LANGUAGE_STANDARD = gnu11;
				GCC_NO_COMMON_BLOCKS = YES;
				GCC_WARN_64_TO_32_BIT_CONVERSION = YES;
				GCC_WARN_ABOUT_RETURN_TYPE = YES_ERROR;
				GCC_WARN_UNDECLARED_SELECTOR = YES;
				GCC_WARN_UNINITIALIZED_AUTOS = YES_AGGRESSIVE;
				GCC_WARN_UNUSED_FUNCTION = YES;
				GCC_WARN_UNUSED_VARIABLE = YES;
				IPHONEOS_DEPLOYMENT_TARGET = 13.2;
				MTL_ENABLE_DEBUG_INFO = NO;
				MTL_FAST_MATH = YES;
				SDKROOT = iphoneos;
				SWIFT_COMPILATION_MODE = wholemodule;
				SWIFT_OPTIMIZATION_LEVEL = "-O";
				VALIDATE_PRODUCT = YES;
			};
			name = Release;
		};
		2C5D663D24E244E400607C78 /* Debug */ = {
			isa = XCBuildConfiguration;
			buildSettings = {
				ASSETCATALOG_COMPILER_APPICON_NAME = AppIcon;
				CODE_SIGN_STYLE = Automatic;
				INFOPLIST_FILE = Alan_V_StoringDefaultValues/Info.plist;
				LD_RUNPATH_SEARCH_PATHS = (
					"$(inherited)",
					"@executable_path/Frameworks",
				);
				PRODUCT_BUNDLE_IDENTIFIER = "Alan-Villegas.Alan-V-StoringDefaultValues";
				PRODUCT_NAME = "$(TARGET_NAME)";
				SWIFT_VERSION = 5.0;
				TARGETED_DEVICE_FAMILY = "1,2";
			};
			name = Debug;
		};
		2C5D663E24E244E400607C78 /* Release */ = {
			isa = XCBuildConfiguration;
			buildSettings = {
				ASSETCATALOG_COMPILER_APPICON_NAME = AppIcon;
				CODE_SIGN_STYLE = Automatic;
				INFOPLIST_FILE = Alan_V_StoringDefaultValues/Info.plist;
				LD_RUNPATH_SEARCH_PATHS = (
					"$(inherited)",
					"@executable_path/Frameworks",
				);
				PRODUCT_BUNDLE_IDENTIFIER = "Alan-Villegas.Alan-V-StoringDefaultValues";
				PRODUCT_NAME = "$(TARGET_NAME)";
				SWIFT_VERSION = 5.0;
				TARGETED_DEVICE_FAMILY = "1,2";
			};
			name = Release;
		};
		2C5D664024E244E400607C78 /* Debug */ = {
			isa = XCBuildConfiguration;
			buildSettings = {
				ALWAYS_EMBED_SWIFT_STANDARD_LIBRARIES = YES;
				BUNDLE_LOADER = "$(TEST_HOST)";
				CODE_SIGN_STYLE = Automatic;
				INFOPLIST_FILE = Alan_V_StoringDefaultValuesTests/Info.plist;
				IPHONEOS_DEPLOYMENT_TARGET = 13.2;
				LD_RUNPATH_SEARCH_PATHS = (
					"$(inherited)",
					"@executable_path/Frameworks",
					"@loader_path/Frameworks",
				);
				PRODUCT_BUNDLE_IDENTIFIER = "Alan-Villegas.Alan-V-StoringDefaultValuesTests";
				PRODUCT_NAME = "$(TARGET_NAME)";
				SWIFT_VERSION = 5.0;
				TARGETED_DEVICE_FAMILY = "1,2";
				TEST_HOST = "$(BUILT_PRODUCTS_DIR)/Alan_V_StoringDefaultValues.app/Alan_V_StoringDefaultValues";
			};
			name = Debug;
		};
		2C5D664124E244E400607C78 /* Release */ = {
			isa = XCBuildConfiguration;
			buildSettings = {
				ALWAYS_EMBED_SWIFT_STANDARD_LIBRARIES = YES;
				BUNDLE_LOADER = "$(TEST_HOST)";
				CODE_SIGN_STYLE = Automatic;
				INFOPLIST_FILE = Alan_V_StoringDefaultValuesTests/Info.plist;
				IPHONEOS_DEPLOYMENT_TARGET = 13.2;
				LD_RUNPATH_SEARCH_PATHS = (
					"$(inherited)",
					"@executable_path/Frameworks",
					"@loader_path/Frameworks",
				);
				PRODUCT_BUNDLE_IDENTIFIER = "Alan-Villegas.Alan-V-StoringDefaultValuesTests";
				PRODUCT_NAME = "$(TARGET_NAME)";
				SWIFT_VERSION = 5.0;
				TARGETED_DEVICE_FAMILY = "1,2";
				TEST_HOST = "$(BUILT_PRODUCTS_DIR)/Alan_V_StoringDefaultValues.app/Alan_V_StoringDefaultValues";
			};
			name = Release;
		};
		2C5D664324E244E400607C78 /* Debug */ = {
			isa = XCBuildConfiguration;
			buildSettings = {
				ALWAYS_EMBED_SWIFT_STANDARD_LIBRARIES = YES;
				CODE_SIGN_STYLE = Automatic;
				INFOPLIST_FILE = Alan_V_StoringDefaultValuesUITests/Info.plist;
				LD_RUNPATH_SEARCH_PATHS = (
					"$(inherited)",
					"@executable_path/Frameworks",
					"@loader_path/Frameworks",
				);
				PRODUCT_BUNDLE_IDENTIFIER = "Alan-Villegas.Alan-V-StoringDefaultValuesUITests";
				PRODUCT_NAME = "$(TARGET_NAME)";
				SWIFT_VERSION = 5.0;
				TARGETED_DEVICE_FAMILY = "1,2";
				TEST_TARGET_NAME = Alan_V_StoringDefaultValues;
			};
			name = Debug;
		};
		2C5D664424E244E400607C78 /* Release */ = {
			isa = XCBuildConfiguration;
			buildSettings = {
				ALWAYS_EMBED_SWIFT_STANDARD_LIBRARIES = YES;
				CODE_SIGN_STYLE = Automatic;
				INFOPLIST_FILE = Alan_V_StoringDefaultValuesUITests/Info.plist;
				LD_RUNPATH_SEARCH_PATHS = (
					"$(inherited)",
					"@executable_path/Frameworks",
					"@loader_path/Frameworks",
				);
				PRODUCT_BUNDLE_IDENTIFIER = "Alan-Villegas.Alan-V-StoringDefaultValuesUITests";
				PRODUCT_NAME = "$(TARGET_NAME)";
				SWIFT_VERSION = 5.0;
				TARGETED_DEVICE_FAMILY = "1,2";
				TEST_TARGET_NAME = Alan_V_StoringDefaultValues;
			};
			name = Release;
		};
/* End XCBuildConfiguration section */

/* Begin XCConfigurationList section */
		2C5D660A24E244E200607C78 /* Build configuration list for PBXProject "Alan_V_StoringDefaultValues" */ = {
			isa = XCConfigurationList;
			buildConfigurations = (
				2C5D663A24E244E400607C78 /* Debug */,
				2C5D663B24E244E400607C78 /* Release */,
			);
			defaultConfigurationIsVisible = 0;
			defaultConfigurationName = Release;
		};
		2C5D663C24E244E400607C78 /* Build configuration list for PBXNativeTarget "Alan_V_StoringDefaultValues" */ = {
			isa = XCConfigurationList;
			buildConfigurations = (
				2C5D663D24E244E400607C78 /* Debug */,
				2C5D663E24E244E400607C78 /* Release */,
			);
			defaultConfigurationIsVisible = 0;
			defaultConfigurationName = Release;
		};
		2C5D663F24E244E400607C78 /* Build configuration list for PBXNativeTarget "Alan_V_StoringDefaultValuesTests" */ = {
			isa = XCConfigurationList;
			buildConfigurations = (
				2C5D664024E244E400607C78 /* Debug */,
				2C5D664124E244E400607C78 /* Release */,
			);
			defaultConfigurationIsVisible = 0;
			defaultConfigurationName = Release;
		};
		2C5D664224E244E400607C78 /* Build configuration list for PBXNativeTarget "Alan_V_StoringDefaultValuesUITests" */ = {
			isa = XCConfigurationList;
			buildConfigurations = (
				2C5D664324E244E400607C78 /* Debug */,
				2C5D664424E244E400607C78 /* Release */,
			);
			defaultConfigurationIsVisible = 0;
			defaultConfigurationName = Release;
		};
/* End XCConfigurationList section */

/* Begin XCVersionGroup section */
		2C5D661B24E244E200607C78 /* Alan_V_StoringDefaultValues.xcdatamodeld */ = {
			isa = XCVersionGroup;
			children = (
				2C5D661C24E244E200607C78 /* Alan_V_StoringDefaultValues.xcdatamodel */,
			);
			currentVersion = 2C5D661C24E244E200607C78 /* Alan_V_StoringDefaultValues.xcdatamodel */;
			path = Alan_V_StoringDefaultValues.xcdatamodeld;
			sourceTree = "<group>";
			versionGroupType = wrapper.xcdatamodel;
		};
/* End XCVersionGroup section */
	};
	rootObject = 2C5D660724E244E200607C78 /* Project object */;
}
